{
  "name": "bimsc-insee",
  "version": "1.0.0",
  "lockfileVersion": 3,
  "requires": true,
  "packages": {
    "": {
      "name": "bimsc-insee",
      "version": "1.0.0",
      "license": "ISC",
      "dependencies": {
        "bimsc-js-utils": "github:damoosnz/bimsc-js-utils"
      }
    },
    "node_modules/bimsc-js-utils": {
      "version": "1.0.0",
      "resolved": "git+ssh://git@github.com/damoosnz/bimsc-js-utils.git#7daa071ec51f628750ab68cfb47796711a00054f",
      "license": "ISC",
      "dependencies": {
        "papaparse": "^5.4.1"
      }
    },
    "node_modules/papaparse": {
      "version": "5.5.3",
      "resolved": "https://registry.npmjs.org/papaparse/-/papaparse-5.5.3.tgz",
      "integrity": "sha512-5QvjGxYVjxO59MGU2lHVYpRWBBtKHnlIAcSe1uNFCkkptUh63NFRj0FJQm7nR67puEruUci/ZkjmEFrjCAyP4A=="
    }
  }
}
